
Microsoft Visual Studio Solution File, Format Version 12.00
# Visual Studio Version 17
VisualStudioVersion = 17.1.32228.430
MinimumVisualStudioVersion = 10.0.40219.1
Project("{FAE04EC0-301F-11D3-BF4B-00C04F79EFBC}") = "UnitTestingApp", "UnitTestingApp.csproj", "{268BFE1D-0877-40E0-BC7A-B92686E9506E}"
EndProject
Project("{FAE04EC0-301F-11D3-BF4B-00C04F79EFBC}") = "UnitTestingApp.UnitTest", "..\UnitTestingApp.UnitTest\UnitTestingApp.UnitTest.csproj", "{BEB95BAB-A55C-498F-BC46-1116C28EC739}"
EndProject
Global
	GlobalSection(SolutionConfigurationPlatforms) = preSolution
		Debug|Any CPU = Debug|Any CPU
		Release|Any CPU = Release|Any CPU
	EndGlobalSection
	GlobalSection(ProjectConfigurationPlatforms) = postSolution
		{268BFE1D-0877-40E0-BC7A-B92686E9506E}.Debug|Any CPU.ActiveCfg = Debug|Any CPU
		{268BFE1D-0877-40E0-BC7A-B92686E9506E}.Debug|Any CPU.Build.0 = Debug|Any CPU
		{268BFE1D-0877-40E0-BC7A-B92686E9506E}.Release|Any CPU.ActiveCfg = Release|Any CPU
		{268BFE1D-0877-40E0-BC7A-B92686E9506E}.Release|Any CPU.Build.0 = Release|Any CPU
		{BEB95BAB-A55C-498F-BC46-1116C28EC739}.Debug|Any CPU.ActiveCfg = Debug|Any CPU
		{BEB95BAB-A55C-498F-BC46-1116C28EC739}.Debug|Any CPU.Build.0 = Debug|Any CPU
		{BEB95BAB-A55C-498F-BC46-1116C28EC739}.Release|Any CPU.ActiveCfg = Release|Any CPU
		{BEB95BAB-A55C-498F-BC46-1116C28EC739}.Release|Any CPU.Build.0 = Release|Any CPU
	EndGlobalSection
	GlobalSection(SolutionProperties) = preSolution
		HideSolutionNode = FALSE
	EndGlobalSection
	GlobalSection(ExtensibilityGlobals) = postSolution
		SolutionGuid = {BB319913-10B8-4D04-802A-431740D8A5B4}
	EndGlobalSection
EndGlobal
